
Microsoft Visual Studio Solution File, Format Version 12.00
# Visual Studio Version 17
VisualStudioVersion = 17.9.34723.18
MinimumVisualStudioVersion = 10.0.40219.1
Project("{9A19103F-16F7-4668-BE54-9A1E7A4F7556}") = "ByuerApp", "ByuerApp\ByuerApp.csproj", "{AFC14C71-6D99-48D1-8062-F1B26120E6D8}"
EndProject
Project("{9A19103F-16F7-4668-BE54-9A1E7A4F7556}") = "getByIdAsyncControllerTests", "TestProject1\getByIdAsyncControllerTests.csproj", "{EEB3E559-A131-40F8-8D75-12E0161683E5}"
EndProject
Project("{9A19103F-16F7-4668-BE54-9A1E7A4F7556}") = "getAllAsyncController", "TestProject2\getAllAsyncController.csproj", "{E9C2E726-F569-413F-8D8B-271D3ACF1CDF}"
EndProject
Project("{9A19103F-16F7-4668-BE54-9A1E7A4F7556}") = "addAsyncController", "TestProject3\addAsyncController.csproj", "{ED37A347-3012-4ADE-89EA-E4A8105FB3ED}"
EndProject
Project("{9A19103F-16F7-4668-BE54-9A1E7A4F7556}") = "updateAsyncController", "TestProject4\updateAsyncController.csproj", "{AF7BD80A-23B9-4A59-B678-97DD0307F14B}"
EndProject
Project("{9A19103F-16F7-4668-BE54-9A1E7A4F7556}") = "deleteAsyncController", "TestProject5\deleteAsyncController.csproj", "{5DC5B8B9-578B-4BE4-876F-C2CB875A6AA3}"
EndProject
Project("{2150E333-8FDC-42A3-9474-1A3956D46DE8}") = "BrandTests", "BrandTests", "{E482A9CD-8EBF-4F89-82F0-2B40B25F9701}"
EndProject
Project("{2150E333-8FDC-42A3-9474-1A3956D46DE8}") = "CustomerTests", "CustomerTests", "{0FCF7640-537E-4FE8-A774-D46BFE5B694B}"
EndProject
Project("{2150E333-8FDC-42A3-9474-1A3956D46DE8}") = "GoodTests", "GoodTests", "{5DB3360F-7DB7-48BB-A67C-F30807BFA2B7}"
EndProject
Project("{9A19103F-16F7-4668-BE54-9A1E7A4F7556}") = "addAsyncController", "TestProject6\addAsyncController.csproj", "{84C03E67-9FF3-4588-8A37-D8C9AEF85CC1}"
EndProject
Project("{2150E333-8FDC-42A3-9474-1A3956D46DE8}") = "TypesTests", "TypesTests", "{69D64172-1E35-4564-9EB6-841558824505}"
EndProject
Project("{9A19103F-16F7-4668-BE54-9A1E7A4F7556}") = "updateAsyncContoller", "TestProject7\updateAsyncContoller.csproj", "{D7128D0F-7657-4C67-BEF4-CD32F194FD47}"
EndProject
Project("{9A19103F-16F7-4668-BE54-9A1E7A4F7556}") = "deleteAsyncController", "TestProject8\deleteAsyncController.csproj", "{C98E64FA-F434-423E-B77D-7539729CE42F}"
EndProject
Project("{9A19103F-16F7-4668-BE54-9A1E7A4F7556}") = "isCustomerCreatedController", "TestProject9\isCustomerCreatedController.csproj", "{AD8A2CD5-53B2-45DD-8868-6E6C58EB30C1}"
EndProject
Project("{9A19103F-16F7-4668-BE54-9A1E7A4F7556}") = "getByIdAsyncControllerTests", "TestProject10\getByIdAsyncControllerTests.csproj", "{818DA9B5-58E6-4C3F-9048-ED17C17887B9}"
EndProject
Project("{9A19103F-16F7-4668-BE54-9A1E7A4F7556}") = "getAllAsyncController", "TestProject11\getAllAsyncController.csproj", "{19B33611-8C3B-446D-A4AD-E286B8289F3E}"
EndProject
Project("{9A19103F-16F7-4668-BE54-9A1E7A4F7556}") = "getByIdAsyncController", "TestProject12\getByIdAsyncController.csproj", "{1076D9A7-7235-4F0C-B3D9-562B7C485E6C}"
EndProject
Project("{9A19103F-16F7-4668-BE54-9A1E7A4F7556}") = "getAllAsyncController", "TestProject13\getAllAsyncController.csproj", "{F6025B1C-15FF-4FD6-98BD-F0B562344BE8}"
EndProject
Project("{9A19103F-16F7-4668-BE54-9A1E7A4F7556}") = "addAsync", "TestProject14\addAsync.csproj", "{58598238-9D63-475E-A418-5B072D4E8FD5}"
EndProject
Project("{9A19103F-16F7-4668-BE54-9A1E7A4F7556}") = "updateAsyncController", "TestProject15\updateAsyncController.csproj", "{40151A2F-AD31-4212-8CE9-921CA290C656}"
EndProject
Project("{9A19103F-16F7-4668-BE54-9A1E7A4F7556}") = "deleteAsyncController", "TestProject16\deleteAsyncController.csproj", "{5E1411DB-9A6B-4B28-AC13-1DF99C6F4693}"
EndProject
Project("{9A19103F-16F7-4668-BE54-9A1E7A4F7556}") = "getListOfGoodsByBrandController", "TestProject17\getListOfGoodsByBrandController.csproj", "{52EF21AF-510C-404E-8B8F-341C29B8C01F}"
EndProject
Project("{9A19103F-16F7-4668-BE54-9A1E7A4F7556}") = "getListOfGoodsByTypeController", "TestProject18\getListOfGoodsByTypeController.csproj", "{928D5812-E7E0-4818-96DD-6B26A79B93CF}"
EndProject
Project("{9A19103F-16F7-4668-BE54-9A1E7A4F7556}") = "isAvaliableForOrderController", "TestProject19\isAvaliableForOrderController.csproj", "{FB3166FA-D64A-4971-8B62-B07839C8FD46}"
EndProject
Project("{9A19103F-16F7-4668-BE54-9A1E7A4F7556}") = "restOfGoodController", "TestProject20\restOfGoodController.csproj", "{4C8989BA-F519-4FAC-A91F-DAEE8EE1C60B}"
EndProject
Project("{9A19103F-16F7-4668-BE54-9A1E7A4F7556}") = "getByIdAsyncControllerTests", "TestProject27\getByIdAsyncControllerTests.csproj", "{75EB5BEC-7DF4-4EDB-AF3D-B88C085302BC}"
EndProject
Project("{9A19103F-16F7-4668-BE54-9A1E7A4F7556}") = "getAllAsyncController", "TestProject28\getAllAsyncController.csproj", "{456E844C-8DBD-4C65-B328-ADD0F5C5A7F0}"
EndProject
Project("{9A19103F-16F7-4668-BE54-9A1E7A4F7556}") = "updateAsyncController", "TestProject29\updateAsyncController.csproj", "{7789BCE3-CD50-452E-966B-771356DD5510}"
EndProject
Project("{9A19103F-16F7-4668-BE54-9A1E7A4F7556}") = "addAsyncController", "TestProject30\addAsyncController.csproj", "{B37B1233-0026-425A-AE3F-353C53F9FACB}"
EndProject
Project("{9A19103F-16F7-4668-BE54-9A1E7A4F7556}") = "deleteAsyncController", "TestProject31\deleteAsyncController.csproj", "{88EA0634-5860-43AA-9FB5-2033BDBB27B8}"
EndProject
Project("{2150E333-8FDC-42A3-9474-1A3956D46DE8}") = "ControllerTests", "ControllerTests", "{6AD69B5A-6B14-405E-A200-A26585EFA080}"
EndProject
Global
	GlobalSection(SolutionConfigurationPlatforms) = preSolution
		Debug|Any CPU = Debug|Any CPU
		Release|Any CPU = Release|Any CPU
	EndGlobalSection
	GlobalSection(ProjectConfigurationPlatforms) = postSolution
		{AFC14C71-6D99-48D1-8062-F1B26120E6D8}.Debug|Any CPU.ActiveCfg = Debug|Any CPU
		{AFC14C71-6D99-48D1-8062-F1B26120E6D8}.Debug|Any CPU.Build.0 = Debug|Any CPU
		{AFC14C71-6D99-48D1-8062-F1B26120E6D8}.Release|Any CPU.ActiveCfg = Release|Any CPU
		{AFC14C71-6D99-48D1-8062-F1B26120E6D8}.Release|Any CPU.Build.0 = Release|Any CPU
		{EEB3E559-A131-40F8-8D75-12E0161683E5}.Debug|Any CPU.ActiveCfg = Debug|Any CPU
		{EEB3E559-A131-40F8-8D75-12E0161683E5}.Debug|Any CPU.Build.0 = Debug|Any CPU
		{EEB3E559-A131-40F8-8D75-12E0161683E5}.Release|Any CPU.ActiveCfg = Release|Any CPU
		{EEB3E559-A131-40F8-8D75-12E0161683E5}.Release|Any CPU.Build.0 = Release|Any CPU
		{E9C2E726-F569-413F-8D8B-271D3ACF1CDF}.Debug|Any CPU.ActiveCfg = Debug|Any CPU
		{E9C2E726-F569-413F-8D8B-271D3ACF1CDF}.Debug|Any CPU.Build.0 = Debug|Any CPU
		{E9C2E726-F569-413F-8D8B-271D3ACF1CDF}.Release|Any CPU.ActiveCfg = Release|Any CPU
		{E9C2E726-F569-413F-8D8B-271D3ACF1CDF}.Release|Any CPU.Build.0 = Release|Any CPU
		{ED37A347-3012-4ADE-89EA-E4A8105FB3ED}.Debug|Any CPU.ActiveCfg = Debug|Any CPU
		{ED37A347-3012-4ADE-89EA-E4A8105FB3ED}.Debug|Any CPU.Build.0 = Debug|Any CPU
		{ED37A347-3012-4ADE-89EA-E4A8105FB3ED}.Release|Any CPU.ActiveCfg = Release|Any CPU
		{ED37A347-3012-4ADE-89EA-E4A8105FB3ED}.Release|Any CPU.Build.0 = Release|Any CPU
		{AF7BD80A-23B9-4A59-B678-97DD0307F14B}.Debug|Any CPU.ActiveCfg = Debug|Any CPU
		{AF7BD80A-23B9-4A59-B678-97DD0307F14B}.Debug|Any CPU.Build.0 = Debug|Any CPU
		{AF7BD80A-23B9-4A59-B678-97DD0307F14B}.Release|Any CPU.ActiveCfg = Release|Any CPU
		{AF7BD80A-23B9-4A59-B678-97DD0307F14B}.Release|Any CPU.Build.0 = Release|Any CPU
		{5DC5B8B9-578B-4BE4-876F-C2CB875A6AA3}.Debug|Any CPU.ActiveCfg = Debug|Any CPU
		{5DC5B8B9-578B-4BE4-876F-C2CB875A6AA3}.Debug|Any CPU.Build.0 = Debug|Any CPU
		{5DC5B8B9-578B-4BE4-876F-C2CB875A6AA3}.Release|Any CPU.ActiveCfg = Release|Any CPU
		{5DC5B8B9-578B-4BE4-876F-C2CB875A6AA3}.Release|Any CPU.Build.0 = Release|Any CPU
		{84C03E67-9FF3-4588-8A37-D8C9AEF85CC1}.Debug|Any CPU.ActiveCfg = Debug|Any CPU
		{84C03E67-9FF3-4588-8A37-D8C9AEF85CC1}.Debug|Any CPU.Build.0 = Debug|Any CPU
		{84C03E67-9FF3-4588-8A37-D8C9AEF85CC1}.Release|Any CPU.ActiveCfg = Release|Any CPU
		{84C03E67-9FF3-4588-8A37-D8C9AEF85CC1}.Release|Any CPU.Build.0 = Release|Any CPU
		{D7128D0F-7657-4C67-BEF4-CD32F194FD47}.Debug|Any CPU.ActiveCfg = Debug|Any CPU
		{D7128D0F-7657-4C67-BEF4-CD32F194FD47}.Debug|Any CPU.Build.0 = Debug|Any CPU
		{D7128D0F-7657-4C67-BEF4-CD32F194FD47}.Release|Any CPU.ActiveCfg = Release|Any CPU
		{D7128D0F-7657-4C67-BEF4-CD32F194FD47}.Release|Any CPU.Build.0 = Release|Any CPU
		{C98E64FA-F434-423E-B77D-7539729CE42F}.Debug|Any CPU.ActiveCfg = Debug|Any CPU
		{C98E64FA-F434-423E-B77D-7539729CE42F}.Debug|Any CPU.Build.0 = Debug|Any CPU
		{C98E64FA-F434-423E-B77D-7539729CE42F}.Release|Any CPU.ActiveCfg = Release|Any CPU
		{C98E64FA-F434-423E-B77D-7539729CE42F}.Release|Any CPU.Build.0 = Release|Any CPU
		{AD8A2CD5-53B2-45DD-8868-6E6C58EB30C1}.Debug|Any CPU.ActiveCfg = Debug|Any CPU
		{AD8A2CD5-53B2-45DD-8868-6E6C58EB30C1}.Debug|Any CPU.Build.0 = Debug|Any CPU
		{AD8A2CD5-53B2-45DD-8868-6E6C58EB30C1}.Release|Any CPU.ActiveCfg = Release|Any CPU
		{AD8A2CD5-53B2-45DD-8868-6E6C58EB30C1}.Release|Any CPU.Build.0 = Release|Any CPU
		{818DA9B5-58E6-4C3F-9048-ED17C17887B9}.Debug|Any CPU.ActiveCfg = Debug|Any CPU
		{818DA9B5-58E6-4C3F-9048-ED17C17887B9}.Debug|Any CPU.Build.0 = Debug|Any CPU
		{818DA9B5-58E6-4C3F-9048-ED17C17887B9}.Release|Any CPU.ActiveCfg = Release|Any CPU
		{818DA9B5-58E6-4C3F-9048-ED17C17887B9}.Release|Any CPU.Build.0 = Release|Any CPU
		{19B33611-8C3B-446D-A4AD-E286B8289F3E}.Debug|Any CPU.ActiveCfg = Debug|Any CPU
		{19B33611-8C3B-446D-A4AD-E286B8289F3E}.Debug|Any CPU.Build.0 = Debug|Any CPU
		{19B33611-8C3B-446D-A4AD-E286B8289F3E}.Release|Any CPU.ActiveCfg = Release|Any CPU
		{19B33611-8C3B-446D-A4AD-E286B8289F3E}.Release|Any CPU.Build.0 = Release|Any CPU
		{1076D9A7-7235-4F0C-B3D9-562B7C485E6C}.Debug|Any CPU.ActiveCfg = Debug|Any CPU
		{1076D9A7-7235-4F0C-B3D9-562B7C485E6C}.Debug|Any CPU.Build.0 = Debug|Any CPU
		{1076D9A7-7235-4F0C-B3D9-562B7C485E6C}.Release|Any CPU.ActiveCfg = Release|Any CPU
		{1076D9A7-7235-4F0C-B3D9-562B7C485E6C}.Release|Any CPU.Build.0 = Release|Any CPU
		{F6025B1C-15FF-4FD6-98BD-F0B562344BE8}.Debug|Any CPU.ActiveCfg = Debug|Any CPU
		{F6025B1C-15FF-4FD6-98BD-F0B562344BE8}.Debug|Any CPU.Build.0 = Debug|Any CPU
		{F6025B1C-15FF-4FD6-98BD-F0B562344BE8}.Release|Any CPU.ActiveCfg = Release|Any CPU
		{F6025B1C-15FF-4FD6-98BD-F0B562344BE8}.Release|Any CPU.Build.0 = Release|Any CPU
		{58598238-9D63-475E-A418-5B072D4E8FD5}.Debug|Any CPU.ActiveCfg = Debug|Any CPU
		{58598238-9D63-475E-A418-5B072D4E8FD5}.Debug|Any CPU.Build.0 = Debug|Any CPU
		{58598238-9D63-475E-A418-5B072D4E8FD5}.Release|Any CPU.ActiveCfg = Release|Any CPU
		{58598238-9D63-475E-A418-5B072D4E8FD5}.Release|Any CPU.Build.0 = Release|Any CPU
		{40151A2F-AD31-4212-8CE9-921CA290C656}.Debug|Any CPU.ActiveCfg = Debug|Any CPU
		{40151A2F-AD31-4212-8CE9-921CA290C656}.Debug|Any CPU.Build.0 = Debug|Any CPU
		{40151A2F-AD31-4212-8CE9-921CA290C656}.Release|Any CPU.ActiveCfg = Release|Any CPU
		{40151A2F-AD31-4212-8CE9-921CA290C656}.Release|Any CPU.Build.0 = Release|Any CPU
		{5E1411DB-9A6B-4B28-AC13-1DF99C6F4693}.Debug|Any CPU.ActiveCfg = Debug|Any CPU
		{5E1411DB-9A6B-4B28-AC13-1DF99C6F4693}.Debug|Any CPU.Build.0 = Debug|Any CPU
		{5E1411DB-9A6B-4B28-AC13-1DF99C6F4693}.Release|Any CPU.ActiveCfg = Release|Any CPU
		{5E1411DB-9A6B-4B28-AC13-1DF99C6F4693}.Release|Any CPU.Build.0 = Release|Any CPU
		{52EF21AF-510C-404E-8B8F-341C29B8C01F}.Debug|Any CPU.ActiveCfg = Debug|Any CPU
		{52EF21AF-510C-404E-8B8F-341C29B8C01F}.Debug|Any CPU.Build.0 = Debug|Any CPU
		{52EF21AF-510C-404E-8B8F-341C29B8C01F}.Release|Any CPU.ActiveCfg = Release|Any CPU
		{52EF21AF-510C-404E-8B8F-341C29B8C01F}.Release|Any CPU.Build.0 = Release|Any CPU
		{928D5812-E7E0-4818-96DD-6B26A79B93CF}.Debug|Any CPU.ActiveCfg = Debug|Any CPU
		{928D5812-E7E0-4818-96DD-6B26A79B93CF}.Debug|Any CPU.Build.0 = Debug|Any CPU
		{928D5812-E7E0-4818-96DD-6B26A79B93CF}.Release|Any CPU.ActiveCfg = Release|Any CPU
		{928D5812-E7E0-4818-96DD-6B26A79B93CF}.Release|Any CPU.Build.0 = Release|Any CPU
		{FB3166FA-D64A-4971-8B62-B07839C8FD46}.Debug|Any CPU.ActiveCfg = Debug|Any CPU
		{FB3166FA-D64A-4971-8B62-B07839C8FD46}.Debug|Any CPU.Build.0 = Debug|Any CPU
		{FB3166FA-D64A-4971-8B62-B07839C8FD46}.Release|Any CPU.ActiveCfg = Release|Any CPU
		{FB3166FA-D64A-4971-8B62-B07839C8FD46}.Release|Any CPU.Build.0 = Release|Any CPU
		{4C8989BA-F519-4FAC-A91F-DAEE8EE1C60B}.Debug|Any CPU.ActiveCfg = Debug|Any CPU
		{4C8989BA-F519-4FAC-A91F-DAEE8EE1C60B}.Debug|Any CPU.Build.0 = Debug|Any CPU
		{4C8989BA-F519-4FAC-A91F-DAEE8EE1C60B}.Release|Any CPU.ActiveCfg = Release|Any CPU
		{4C8989BA-F519-4FAC-A91F-DAEE8EE1C60B}.Release|Any CPU.Build.0 = Release|Any CPU
		{75EB5BEC-7DF4-4EDB-AF3D-B88C085302BC}.Debug|Any CPU.ActiveCfg = Debug|Any CPU
		{75EB5BEC-7DF4-4EDB-AF3D-B88C085302BC}.Debug|Any CPU.Build.0 = Debug|Any CPU
		{75EB5BEC-7DF4-4EDB-AF3D-B88C085302BC}.Release|Any CPU.ActiveCfg = Release|Any CPU
		{75EB5BEC-7DF4-4EDB-AF3D-B88C085302BC}.Release|Any CPU.Build.0 = Release|Any CPU
		{456E844C-8DBD-4C65-B328-ADD0F5C5A7F0}.Debug|Any CPU.ActiveCfg = Debug|Any CPU
		{456E844C-8DBD-4C65-B328-ADD0F5C5A7F0}.Debug|Any CPU.Build.0 = Debug|Any CPU
		{456E844C-8DBD-4C65-B328-ADD0F5C5A7F0}.Release|Any CPU.ActiveCfg = Release|Any CPU
		{456E844C-8DBD-4C65-B328-ADD0F5C5A7F0}.Release|Any CPU.Build.0 = Release|Any CPU
		{7789BCE3-CD50-452E-966B-771356DD5510}.Debug|Any CPU.ActiveCfg = Debug|Any CPU
		{7789BCE3-CD50-452E-966B-771356DD5510}.Debug|Any CPU.Build.0 = Debug|Any CPU
		{7789BCE3-CD50-452E-966B-771356DD5510}.Release|Any CPU.ActiveCfg = Release|Any CPU
		{7789BCE3-CD50-452E-966B-771356DD5510}.Release|Any CPU.Build.0 = Release|Any CPU
		{B37B1233-0026-425A-AE3F-353C53F9FACB}.Debug|Any CPU.ActiveCfg = Debug|Any CPU
		{B37B1233-0026-425A-AE3F-353C53F9FACB}.Debug|Any CPU.Build.0 = Debug|Any CPU
		{B37B1233-0026-425A-AE3F-353C53F9FACB}.Release|Any CPU.ActiveCfg = Release|Any CPU
		{B37B1233-0026-425A-AE3F-353C53F9FACB}.Release|Any CPU.Build.0 = Release|Any CPU
		{88EA0634-5860-43AA-9FB5-2033BDBB27B8}.Debug|Any CPU.ActiveCfg = Debug|Any CPU
		{88EA0634-5860-43AA-9FB5-2033BDBB27B8}.Debug|Any CPU.Build.0 = Debug|Any CPU
		{88EA0634-5860-43AA-9FB5-2033BDBB27B8}.Release|Any CPU.ActiveCfg = Release|Any CPU
		{88EA0634-5860-43AA-9FB5-2033BDBB27B8}.Release|Any CPU.Build.0 = Release|Any CPU
	EndGlobalSection
	GlobalSection(SolutionProperties) = preSolution
		HideSolutionNode = FALSE
	EndGlobalSection
	GlobalSection(NestedProjects) = preSolution
		{EEB3E559-A131-40F8-8D75-12E0161683E5} = {E482A9CD-8EBF-4F89-82F0-2B40B25F9701}
		{E9C2E726-F569-413F-8D8B-271D3ACF1CDF} = {E482A9CD-8EBF-4F89-82F0-2B40B25F9701}
		{ED37A347-3012-4ADE-89EA-E4A8105FB3ED} = {E482A9CD-8EBF-4F89-82F0-2B40B25F9701}
		{AF7BD80A-23B9-4A59-B678-97DD0307F14B} = {E482A9CD-8EBF-4F89-82F0-2B40B25F9701}
		{5DC5B8B9-578B-4BE4-876F-C2CB875A6AA3} = {E482A9CD-8EBF-4F89-82F0-2B40B25F9701}
		{E482A9CD-8EBF-4F89-82F0-2B40B25F9701} = {6AD69B5A-6B14-405E-A200-A26585EFA080}
		{0FCF7640-537E-4FE8-A774-D46BFE5B694B} = {6AD69B5A-6B14-405E-A200-A26585EFA080}
		{5DB3360F-7DB7-48BB-A67C-F30807BFA2B7} = {6AD69B5A-6B14-405E-A200-A26585EFA080}
		{84C03E67-9FF3-4588-8A37-D8C9AEF85CC1} = {0FCF7640-537E-4FE8-A774-D46BFE5B694B}
		{69D64172-1E35-4564-9EB6-841558824505} = {6AD69B5A-6B14-405E-A200-A26585EFA080}
		{D7128D0F-7657-4C67-BEF4-CD32F194FD47} = {0FCF7640-537E-4FE8-A774-D46BFE5B694B}
		{C98E64FA-F434-423E-B77D-7539729CE42F} = {0FCF7640-537E-4FE8-A774-D46BFE5B694B}
		{AD8A2CD5-53B2-45DD-8868-6E6C58EB30C1} = {0FCF7640-537E-4FE8-A774-D46BFE5B694B}
		{818DA9B5-58E6-4C3F-9048-ED17C17887B9} = {0FCF7640-537E-4FE8-A774-D46BFE5B694B}
		{19B33611-8C3B-446D-A4AD-E286B8289F3E} = {0FCF7640-537E-4FE8-A774-D46BFE5B694B}
		{1076D9A7-7235-4F0C-B3D9-562B7C485E6C} = {5DB3360F-7DB7-48BB-A67C-F30807BFA2B7}
		{F6025B1C-15FF-4FD6-98BD-F0B562344BE8} = {5DB3360F-7DB7-48BB-A67C-F30807BFA2B7}
		{58598238-9D63-475E-A418-5B072D4E8FD5} = {5DB3360F-7DB7-48BB-A67C-F30807BFA2B7}
		{40151A2F-AD31-4212-8CE9-921CA290C656} = {5DB3360F-7DB7-48BB-A67C-F30807BFA2B7}
		{5E1411DB-9A6B-4B28-AC13-1DF99C6F4693} = {5DB3360F-7DB7-48BB-A67C-F30807BFA2B7}
		{52EF21AF-510C-404E-8B8F-341C29B8C01F} = {5DB3360F-7DB7-48BB-A67C-F30807BFA2B7}
		{928D5812-E7E0-4818-96DD-6B26A79B93CF} = {5DB3360F-7DB7-48BB-A67C-F30807BFA2B7}
		{FB3166FA-D64A-4971-8B62-B07839C8FD46} = {5DB3360F-7DB7-48BB-A67C-F30807BFA2B7}
		{4C8989BA-F519-4FAC-A91F-DAEE8EE1C60B} = {5DB3360F-7DB7-48BB-A67C-F30807BFA2B7}
		{75EB5BEC-7DF4-4EDB-AF3D-B88C085302BC} = {69D64172-1E35-4564-9EB6-841558824505}
		{456E844C-8DBD-4C65-B328-ADD0F5C5A7F0} = {69D64172-1E35-4564-9EB6-841558824505}
		{7789BCE3-CD50-452E-966B-771356DD5510} = {69D64172-1E35-4564-9EB6-841558824505}
		{B37B1233-0026-425A-AE3F-353C53F9FACB} = {69D64172-1E35-4564-9EB6-841558824505}
		{88EA0634-5860-43AA-9FB5-2033BDBB27B8} = {69D64172-1E35-4564-9EB6-841558824505}
	EndGlobalSection
	GlobalSection(ExtensibilityGlobals) = postSolution
		SolutionGuid = {9065BA1B-2E0E-43D6-9967-8AB642E405D5}
	EndGlobalSection
EndGlobal
